
Microsoft Visual Studio Solution File, Format Version 12.00
# Visual Studio Version 16
VisualStudioVersion = 16.0.31112.23
MinimumVisualStudioVersion = 10.0.40219.1
Project("{FAE04EC0-301F-11D3-BF4B-00C04F79EFBC}") = "JobSearchBoard", "JobSearchBoard\JobSearchBoard.csproj", "{DC730CC0-8398-4C37-A4F0-A0F8EF215710}"
EndProject
Global
	GlobalSection(SolutionConfigurationPlatforms) = preSolution
		Debug|Any CPU = Debug|Any CPU
		Release|Any CPU = Release|Any CPU
	EndGlobalSection
	GlobalSection(ProjectConfigurationPlatforms) = postSolution
		{DC730CC0-8398-4C37-A4F0-A0F8EF215710}.Debug|Any CPU.ActiveCfg = Debug|Any CPU
		{DC730CC0-8398-4C37-A4F0-A0F8EF215710}.Debug|Any CPU.Build.0 = Debug|Any CPU
		{DC730CC0-8398-4C37-A4F0-A0F8EF215710}.Release|Any CPU.ActiveCfg = Release|Any CPU
		{DC730CC0-8398-4C37-A4F0-A0F8EF215710}.Release|Any CPU.Build.0 = Release|Any CPU
	EndGlobalSection
	GlobalSection(SolutionProperties) = preSolution
		HideSolutionNode = FALSE
	EndGlobalSection
	GlobalSection(ExtensibilityGlobals) = postSolution
		SolutionGuid = {85E34B3F-778B-4F00-8DDA-930C942C823B}
	EndGlobalSection
EndGlobal
